
Microsoft Visual Studio Solution File, Format Version 12.00
# Visual Studio 14
VisualStudioVersion = 14.0.25420.1
MinimumVisualStudioVersion = 10.0.40219.1
Project("{8BC9CEB8-8B4A-11D0-8D11-00A0C91BC942}") = "Hello Triangle", "Hello Triangle\Hello Triangle.vcxproj", "{726FA894-41EB-4EA7-BF5A-630A0AAA0D87}"
EndProject
Project("{8BC9CEB8-8B4A-11D0-8D11-00A0C91BC942}") = "Shader", "Shader\Shader.vcxproj", "{53EF9D1C-6BB5-47C1-BD68-3C3F1100AA7C}"
EndProject
Project("{8BC9CEB8-8B4A-11D0-8D11-00A0C91BC942}") = "Textures", "Textures\Textures.vcxproj", "{6E591766-3D95-4A8B-BBC4-F66D968E6B88}"
EndProject
Project("{8BC9CEB8-8B4A-11D0-8D11-00A0C91BC942}") = "Tranformations", "Tranformations\Tranformations.vcxproj", "{35C21A95-9F09-4EF6-BB66-65B8193FF3FB}"
EndProject
Project("{8BC9CEB8-8B4A-11D0-8D11-00A0C91BC942}") = "Camera", "Camera\Camera.vcxproj", "{04AC43D9-2711-4023-A615-DB74B001D091}"
EndProject
Project("{8BC9CEB8-8B4A-11D0-8D11-00A0C91BC942}") = "Color", "Color\Color.vcxproj", "{9A882736-7B92-436E-B551-A8FE6CCF1F2B}"
EndProject
Project("{8BC9CEB8-8B4A-11D0-8D11-00A0C91BC942}") = "Basic Lighting", "Basic Lighting\Basic Lighting.vcxproj", "{0435380D-495B-4A9F-81BE-9A41DC316DDB}"
EndProject
Project("{8BC9CEB8-8B4A-11D0-8D11-00A0C91BC942}") = "Coordinate Systems", "Coordinate Systems\Coordinate Systems.vcxproj", "{11519671-F518-4DBA-941C-73F5C3CEBB8D}"
EndProject
Project("{8BC9CEB8-8B4A-11D0-8D11-00A0C91BC942}") = "Materials", "Materials\Materials.vcxproj", "{C7D48EFB-2D16-440D-ACA7-54219A4EE78A}"
EndProject
Global
	GlobalSection(SolutionConfigurationPlatforms) = preSolution
		Debug|x64 = Debug|x64
		Debug|x86 = Debug|x86
		Release|x64 = Release|x64
		Release|x86 = Release|x86
	EndGlobalSection
	GlobalSection(ProjectConfigurationPlatforms) = postSolution
		{726FA894-41EB-4EA7-BF5A-630A0AAA0D87}.Debug|x64.ActiveCfg = Debug|x64
		{726FA894-41EB-4EA7-BF5A-630A0AAA0D87}.Debug|x64.Build.0 = Debug|x64
		{726FA894-41EB-4EA7-BF5A-630A0AAA0D87}.Debug|x86.ActiveCfg = Debug|Win32
		{726FA894-41EB-4EA7-BF5A-630A0AAA0D87}.Debug|x86.Build.0 = Debug|Win32
		{726FA894-41EB-4EA7-BF5A-630A0AAA0D87}.Release|x64.ActiveCfg = Release|x64
		{726FA894-41EB-4EA7-BF5A-630A0AAA0D87}.Release|x64.Build.0 = Release|x64
		{726FA894-41EB-4EA7-BF5A-630A0AAA0D87}.Release|x86.ActiveCfg = Release|Win32
		{726FA894-41EB-4EA7-BF5A-630A0AAA0D87}.Release|x86.Build.0 = Release|Win32
		{53EF9D1C-6BB5-47C1-BD68-3C3F1100AA7C}.Debug|x64.ActiveCfg = Debug|x64
		{53EF9D1C-6BB5-47C1-BD68-3C3F1100AA7C}.Debug|x64.Build.0 = Debug|x64
		{53EF9D1C-6BB5-47C1-BD68-3C3F1100AA7C}.Debug|x86.ActiveCfg = Debug|Win32
		{53EF9D1C-6BB5-47C1-BD68-3C3F1100AA7C}.Debug|x86.Build.0 = Debug|Win32
		{53EF9D1C-6BB5-47C1-BD68-3C3F1100AA7C}.Release|x64.ActiveCfg = Release|x64
		{53EF9D1C-6BB5-47C1-BD68-3C3F1100AA7C}.Release|x64.Build.0 = Release|x64
		{53EF9D1C-6BB5-47C1-BD68-3C3F1100AA7C}.Release|x86.ActiveCfg = Release|Win32
		{53EF9D1C-6BB5-47C1-BD68-3C3F1100AA7C}.Release|x86.Build.0 = Release|Win32
		{6E591766-3D95-4A8B-BBC4-F66D968E6B88}.Debug|x64.ActiveCfg = Debug|x64
		{6E591766-3D95-4A8B-BBC4-F66D968E6B88}.Debug|x64.Build.0 = Debug|x64
		{6E591766-3D95-4A8B-BBC4-F66D968E6B88}.Debug|x86.ActiveCfg = Debug|Win32
		{6E591766-3D95-4A8B-BBC4-F66D968E6B88}.Debug|x86.Build.0 = Debug|Win32
		{6E591766-3D95-4A8B-BBC4-F66D968E6B88}.Release|x64.ActiveCfg = Release|x64
		{6E591766-3D95-4A8B-BBC4-F66D968E6B88}.Release|x64.Build.0 = Release|x64
		{6E591766-3D95-4A8B-BBC4-F66D968E6B88}.Release|x86.ActiveCfg = Release|Win32
		{6E591766-3D95-4A8B-BBC4-F66D968E6B88}.Release|x86.Build.0 = Release|Win32
		{35C21A95-9F09-4EF6-BB66-65B8193FF3FB}.Debug|x64.ActiveCfg = Debug|x64
		{35C21A95-9F09-4EF6-BB66-65B8193FF3FB}.Debug|x64.Build.0 = Debug|x64
		{35C21A95-9F09-4EF6-BB66-65B8193FF3FB}.Debug|x86.ActiveCfg = Debug|Win32
		{35C21A95-9F09-4EF6-BB66-65B8193FF3FB}.Debug|x86.Build.0 = Debug|Win32
		{35C21A95-9F09-4EF6-BB66-65B8193FF3FB}.Release|x64.ActiveCfg = Release|x64
		{35C21A95-9F09-4EF6-BB66-65B8193FF3FB}.Release|x64.Build.0 = Release|x64
		{35C21A95-9F09-4EF6-BB66-65B8193FF3FB}.Release|x86.ActiveCfg = Release|Win32
		{35C21A95-9F09-4EF6-BB66-65B8193FF3FB}.Release|x86.Build.0 = Release|Win32
		{04AC43D9-2711-4023-A615-DB74B001D091}.Debug|x64.ActiveCfg = Debug|x64
		{04AC43D9-2711-4023-A615-DB74B001D091}.Debug|x64.Build.0 = Debug|x64
		{04AC43D9-2711-4023-A615-DB74B001D091}.Debug|x86.ActiveCfg = Debug|Win32
		{04AC43D9-2711-4023-A615-DB74B001D091}.Debug|x86.Build.0 = Debug|Win32
		{04AC43D9-2711-4023-A615-DB74B001D091}.Release|x64.ActiveCfg = Release|x64
		{04AC43D9-2711-4023-A615-DB74B001D091}.Release|x64.Build.0 = Release|x64
		{04AC43D9-2711-4023-A615-DB74B001D091}.Release|x86.ActiveCfg = Release|Win32
		{04AC43D9-2711-4023-A615-DB74B001D091}.Release|x86.Build.0 = Release|Win32
		{9A882736-7B92-436E-B551-A8FE6CCF1F2B}.Debug|x64.ActiveCfg = Debug|x64
		{9A882736-7B92-436E-B551-A8FE6CCF1F2B}.Debug|x64.Build.0 = Debug|x64
		{9A882736-7B92-436E-B551-A8FE6CCF1F2B}.Debug|x86.ActiveCfg = Debug|Win32
		{9A882736-7B92-436E-B551-A8FE6CCF1F2B}.Debug|x86.Build.0 = Debug|Win32
		{9A882736-7B92-436E-B551-A8FE6CCF1F2B}.Release|x64.ActiveCfg = Release|x64
		{9A882736-7B92-436E-B551-A8FE6CCF1F2B}.Release|x64.Build.0 = Release|x64
		{9A882736-7B92-436E-B551-A8FE6CCF1F2B}.Release|x86.ActiveCfg = Release|Win32
		{9A882736-7B92-436E-B551-A8FE6CCF1F2B}.Release|x86.Build.0 = Release|Win32
		{0435380D-495B-4A9F-81BE-9A41DC316DDB}.Debug|x64.ActiveCfg = Debug|x64
		{0435380D-495B-4A9F-81BE-9A41DC316DDB}.Debug|x64.Build.0 = Debug|x64
		{0435380D-495B-4A9F-81BE-9A41DC316DDB}.Debug|x86.ActiveCfg = Debug|Win32
		{0435380D-495B-4A9F-81BE-9A41DC316DDB}.Debug|x86.Build.0 = Debug|Win32
		{0435380D-495B-4A9F-81BE-9A41DC316DDB}.Release|x64.ActiveCfg = Release|x64
		{0435380D-495B-4A9F-81BE-9A41DC316DDB}.Release|x64.Build.0 = Release|x64
		{0435380D-495B-4A9F-81BE-9A41DC316DDB}.Release|x86.ActiveCfg = Release|Win32
		{0435380D-495B-4A9F-81BE-9A41DC316DDB}.Release|x86.Build.0 = Release|Win32
		{11519671-F518-4DBA-941C-73F5C3CEBB8D}.Debug|x64.ActiveCfg = Debug|x64
		{11519671-F518-4DBA-941C-73F5C3CEBB8D}.Debug|x64.Build.0 = Debug|x64
		{11519671-F518-4DBA-941C-73F5C3CEBB8D}.Debug|x86.ActiveCfg = Debug|Win32
		{11519671-F518-4DBA-941C-73F5C3CEBB8D}.Debug|x86.Build.0 = Debug|Win32
		{11519671-F518-4DBA-941C-73F5C3CEBB8D}.Release|x64.ActiveCfg = Release|x64
		{11519671-F518-4DBA-941C-73F5C3CEBB8D}.Release|x64.Build.0 = Release|x64
		{11519671-F518-4DBA-941C-73F5C3CEBB8D}.Release|x86.ActiveCfg = Release|Win32
		{11519671-F518-4DBA-941C-73F5C3CEBB8D}.Release|x86.Build.0 = Release|Win32
		{C7D48EFB-2D16-440D-ACA7-54219A4EE78A}.Debug|x64.ActiveCfg = Debug|x64
		{C7D48EFB-2D16-440D-ACA7-54219A4EE78A}.Debug|x64.Build.0 = Debug|x64
		{C7D48EFB-2D16-440D-ACA7-54219A4EE78A}.Debug|x86.ActiveCfg = Debug|Win32
		{C7D48EFB-2D16-440D-ACA7-54219A4EE78A}.Debug|x86.Build.0 = Debug|Win32
		{C7D48EFB-2D16-440D-ACA7-54219A4EE78A}.Release|x64.ActiveCfg = Release|x64
		{C7D48EFB-2D16-440D-ACA7-54219A4EE78A}.Release|x64.Build.0 = Release|x64
		{C7D48EFB-2D16-440D-ACA7-54219A4EE78A}.Release|x86.ActiveCfg = Release|Win32
		{C7D48EFB-2D16-440D-ACA7-54219A4EE78A}.Release|x86.Build.0 = Release|Win32
	EndGlobalSection
	GlobalSection(SolutionProperties) = preSolution
		HideSolutionNode = FALSE
	EndGlobalSection
EndGlobal
