// !$*UTF8*$!
{
	archiveVersion = 1;
	classes = {
	};
	objectVersion = 46;
	objects = {

/* Begin PBXBuildFile section */
		E27B0B2B1F4E553A0097F2CE /* main.cpp in Sources */ = {isa = PBXBuildFile; fileRef = E27B0B2A1F4E553A0097F2CE /* main.cpp */; };
		E27B0B2E1F4E5E170097F2CE /* Shader.cpp in Sources */ = {isa = PBXBuildFile; fileRef = E27B0B2C1F4E5E170097F2CE /* Shader.cpp */; };
		E27B0B381F4E76CB0097F2CE /* main.cpp in Sources */ = {isa = PBXBuildFile; fileRef = E27B0B371F4E76CB0097F2CE /* main.cpp */; };
		E27B0B3C1F4E76DB0097F2CE /* libGLEW.2.0.0.dylib in Frameworks */ = {isa = PBXBuildFile; fileRef = E2813DD41F4BB1D600FD5CB4 /* libGLEW.2.0.0.dylib */; };
		E27B0B3D1F4E76DB0097F2CE /* libglfw.3.2.dylib in Frameworks */ = {isa = PBXBuildFile; fileRef = E27FEE3E1F4ADF2800AF62C7 /* libglfw.3.2.dylib */; };
		E27B0B3E1F4E76DB0097F2CE /* GLUT.framework in Frameworks */ = {isa = PBXBuildFile; fileRef = E27FEE351F4AD8B300AF62C7 /* GLUT.framework */; };
		E27B0B3F1F4E76DB0097F2CE /* OpenGL.framework in Frameworks */ = {isa = PBXBuildFile; fileRef = E27FEE2D1F4AD72600AF62C7 /* OpenGL.framework */; };
		E27B0B411F4E76FA0097F2CE /* glad.c in Sources */ = {isa = PBXBuildFile; fileRef = E27B0B401F4E76FA0097F2CE /* glad.c */; };
		E27B0B431F4E7C7A0097F2CE /* shader.vertex in CopyFiles */ = {isa = PBXBuildFile; fileRef = E27B0B2F1F4E71AE0097F2CE /* shader.vertex */; };
		E27B0B441F4E7C7A0097F2CE /* shader.frag in CopyFiles */ = {isa = PBXBuildFile; fileRef = E27B0B301F4E71F90097F2CE /* shader.frag */; };
		E27B0B4B1F4EA06C0097F2CE /* texture.vertex in CopyFiles */ = {isa = PBXBuildFile; fileRef = E27B0B491F4EA02F0097F2CE /* texture.vertex */; };
		E27B0B4C1F4EA06C0097F2CE /* texture.frag in CopyFiles */ = {isa = PBXBuildFile; fileRef = E27B0B4A1F4EA0540097F2CE /* texture.frag */; };
		E27B0B4F1F4EA0DD0097F2CE /* Shader.cpp in Sources */ = {isa = PBXBuildFile; fileRef = E27B0B4D1F4EA0DD0097F2CE /* Shader.cpp */; };
		E27B0B591F4EA82B0097F2CE /* awesomeface.png in CopyFiles */ = {isa = PBXBuildFile; fileRef = E27B0B581F4EA5890097F2CE /* awesomeface.png */; };
		E27B0B5A1F4EA82B0097F2CE /* container.jpg in CopyFiles */ = {isa = PBXBuildFile; fileRef = E27B0B561F4EA2800097F2CE /* container.jpg */; };
		E27B0B5B1F4EA82B0097F2CE /* wall.jpg in CopyFiles */ = {isa = PBXBuildFile; fileRef = E27B0B571F4EA2800097F2CE /* wall.jpg */; };
		E27FEE2E1F4AD72600AF62C7 /* OpenGL.framework in Frameworks */ = {isa = PBXBuildFile; fileRef = E27FEE2D1F4AD72600AF62C7 /* OpenGL.framework */; };
		E27FEE361F4AD8B400AF62C7 /* GLUT.framework in Frameworks */ = {isa = PBXBuildFile; fileRef = E27FEE351F4AD8B300AF62C7 /* GLUT.framework */; };
		E27FEE3F1F4ADF2800AF62C7 /* libglfw.3.2.dylib in Frameworks */ = {isa = PBXBuildFile; fileRef = E27FEE3E1F4ADF2800AF62C7 /* libglfw.3.2.dylib */; };
		E2813DD51F4BB1D600FD5CB4 /* libGLEW.2.0.0.dylib in Frameworks */ = {isa = PBXBuildFile; fileRef = E2813DD41F4BB1D600FD5CB4 /* libGLEW.2.0.0.dylib */; };
		E286BCF01F4D811C005F03F4 /* main.cpp in Sources */ = {isa = PBXBuildFile; fileRef = E286BCEF1F4D811C005F03F4 /* main.cpp */; };
		E286BCF41F4D81C6005F03F4 /* libGLEW.2.0.0.dylib in Frameworks */ = {isa = PBXBuildFile; fileRef = E2813DD41F4BB1D600FD5CB4 /* libGLEW.2.0.0.dylib */; };
		E286BCF51F4D81C6005F03F4 /* libglfw.3.2.dylib in Frameworks */ = {isa = PBXBuildFile; fileRef = E27FEE3E1F4ADF2800AF62C7 /* libglfw.3.2.dylib */; };
		E286BCF61F4D81C6005F03F4 /* GLUT.framework in Frameworks */ = {isa = PBXBuildFile; fileRef = E27FEE351F4AD8B300AF62C7 /* GLUT.framework */; };
		E286BCF71F4D81C6005F03F4 /* OpenGL.framework in Frameworks */ = {isa = PBXBuildFile; fileRef = E27FEE2D1F4AD72600AF62C7 /* OpenGL.framework */; };
		E286BCF91F4D8204005F03F4 /* glad.c in Sources */ = {isa = PBXBuildFile; fileRef = E286BCF81F4D8204005F03F4 /* glad.c */; };
		E286BD141F4D87C2005F03F4 /* main.cpp in Sources */ = {isa = PBXBuildFile; fileRef = E286BD131F4D87C2005F03F4 /* main.cpp */; };
		E286BD191F4D87CE005F03F4 /* glad.c in Sources */ = {isa = PBXBuildFile; fileRef = E286BD181F4D87CE005F03F4 /* glad.c */; };
		E286BD1A1F4D87F1005F03F4 /* libGLEW.2.0.0.dylib in Frameworks */ = {isa = PBXBuildFile; fileRef = E2813DD41F4BB1D600FD5CB4 /* libGLEW.2.0.0.dylib */; };
		E286BD1B1F4D87F1005F03F4 /* libglfw.3.2.dylib in Frameworks */ = {isa = PBXBuildFile; fileRef = E27FEE3E1F4ADF2800AF62C7 /* libglfw.3.2.dylib */; };
		E286BD1C1F4D87F1005F03F4 /* GLUT.framework in Frameworks */ = {isa = PBXBuildFile; fileRef = E27FEE351F4AD8B300AF62C7 /* GLUT.framework */; };
		E286BD1D1F4D87F1005F03F4 /* OpenGL.framework in Frameworks */ = {isa = PBXBuildFile; fileRef = E27FEE2D1F4AD72600AF62C7 /* OpenGL.framework */; };
/* End PBXBuildFile section */

/* Begin PBXCopyFilesBuildPhase section */
		E27B0B331F4E76CB0097F2CE /* CopyFiles */ = {
			isa = PBXCopyFilesBuildPhase;
			buildActionMask = 12;
			dstPath = "";
			dstSubfolderSpec = 16;
			files = (
				E27B0B591F4EA82B0097F2CE /* awesomeface.png in CopyFiles */,
				E27B0B5A1F4EA82B0097F2CE /* container.jpg in CopyFiles */,
				E27B0B5B1F4EA82B0097F2CE /* wall.jpg in CopyFiles */,
				E27B0B4B1F4EA06C0097F2CE /* texture.vertex in CopyFiles */,
				E27B0B4C1F4EA06C0097F2CE /* texture.frag in CopyFiles */,
			);
			runOnlyForDeploymentPostprocessing = 0;
		};
		E27FEE201F4AD70900AF62C7 /* CopyFiles */ = {
			isa = PBXCopyFilesBuildPhase;
			buildActionMask = 2147483647;
			dstPath = /usr/share/man/man1/;
			dstSubfolderSpec = 0;
			files = (
			);
			runOnlyForDeploymentPostprocessing = 1;
		};
		E286BCEB1F4D811C005F03F4 /* CopyFiles */ = {
			isa = PBXCopyFilesBuildPhase;
			buildActionMask = 2147483647;
			dstPath = /usr/share/man/man1/;
			dstSubfolderSpec = 0;
			files = (
			);
			runOnlyForDeploymentPostprocessing = 1;
		};
		E286BD0F1F4D87C2005F03F4 /* CopyFiles */ = {
			isa = PBXCopyFilesBuildPhase;
			buildActionMask = 12;
			dstPath = "";
			dstSubfolderSpec = 16;
			files = (
				E27B0B431F4E7C7A0097F2CE /* shader.vertex in CopyFiles */,
				E27B0B441F4E7C7A0097F2CE /* shader.frag in CopyFiles */,
			);
			runOnlyForDeploymentPostprocessing = 0;
		};
/* End PBXCopyFilesBuildPhase section */

/* Begin PBXFileReference section */
		E27B0B2A1F4E553A0097F2CE /* main.cpp */ = {isa = PBXFileReference; fileEncoding = 4; lastKnownFileType = sourcecode.cpp.cpp; path = main.cpp; sourceTree = "<group>"; };
		E27B0B2C1F4E5E170097F2CE /* Shader.cpp */ = {isa = PBXFileReference; fileEncoding = 4; lastKnownFileType = sourcecode.cpp.cpp; path = Shader.cpp; sourceTree = "<group>"; };
		E27B0B2D1F4E5E170097F2CE /* Shader.hpp */ = {isa = PBXFileReference; fileEncoding = 4; lastKnownFileType = sourcecode.cpp.h; path = Shader.hpp; sourceTree = "<group>"; };
		E27B0B2F1F4E71AE0097F2CE /* shader.vertex */ = {isa = PBXFileReference; fileEncoding = 4; lastKnownFileType = sourcecode.glsl; path = shader.vertex; sourceTree = "<group>"; };
		E27B0B301F4E71F90097F2CE /* shader.frag */ = {isa = PBXFileReference; fileEncoding = 4; lastKnownFileType = sourcecode.glsl; path = shader.frag; sourceTree = "<group>"; };
		E27B0B351F4E76CB0097F2CE /* Textures */ = {isa = PBXFileReference; explicitFileType = "compiled.mach-o.executable"; includeInIndex = 0; path = Textures; sourceTree = BUILT_PRODUCTS_DIR; };
		E27B0B371F4E76CB0097F2CE /* main.cpp */ = {isa = PBXFileReference; lastKnownFileType = sourcecode.cpp.cpp; path = main.cpp; sourceTree = "<group>"; };
		E27B0B401F4E76FA0097F2CE /* glad.c */ = {isa = PBXFileReference; fileEncoding = 4; lastKnownFileType = sourcecode.c.c; path = glad.c; sourceTree = "<group>"; };
		E27B0B481F4E82900097F2CE /* stb_image.h */ = {isa = PBXFileReference; lastKnownFileType = sourcecode.c.h; path = stb_image.h; sourceTree = "<group>"; };
		E27B0B491F4EA02F0097F2CE /* texture.vertex */ = {isa = PBXFileReference; fileEncoding = 4; lastKnownFileType = sourcecode.glsl; path = texture.vertex; sourceTree = "<group>"; };
		E27B0B4A1F4EA0540097F2CE /* texture.frag */ = {isa = PBXFileReference; fileEncoding = 4; lastKnownFileType = sourcecode.glsl; path = texture.frag; sourceTree = "<group>"; };
		E27B0B4D1F4EA0DD0097F2CE /* Shader.cpp */ = {isa = PBXFileReference; fileEncoding = 4; lastKnownFileType = sourcecode.cpp.cpp; path = Shader.cpp; sourceTree = "<group>"; };
		E27B0B4E1F4EA0DD0097F2CE /* Shader.hpp */ = {isa = PBXFileReference; fileEncoding = 4; lastKnownFileType = sourcecode.cpp.h; path = Shader.hpp; sourceTree = "<group>"; };
		E27B0B561F4EA2800097F2CE /* container.jpg */ = {isa = PBXFileReference; lastKnownFileType = image.jpeg; name = container.jpg; path = Resources/container.jpg; sourceTree = "<group>"; };
		E27B0B571F4EA2800097F2CE /* wall.jpg */ = {isa = PBXFileReference; lastKnownFileType = image.jpeg; name = wall.jpg; path = Resources/wall.jpg; sourceTree = "<group>"; };
		E27B0B581F4EA5890097F2CE /* awesomeface.png */ = {isa = PBXFileReference; lastKnownFileType = image.png; name = awesomeface.png; path = Resources/awesomeface.png; sourceTree = "<group>"; };
		E27FEE221F4AD70900AF62C7 /* OpenGL */ = {isa = PBXFileReference; explicitFileType = "compiled.mach-o.executable"; includeInIndex = 0; path = OpenGL; sourceTree = BUILT_PRODUCTS_DIR; };
		E27FEE2D1F4AD72600AF62C7 /* OpenGL.framework */ = {isa = PBXFileReference; lastKnownFileType = wrapper.framework; name = OpenGL.framework; path = System/Library/Frameworks/OpenGL.framework; sourceTree = SDKROOT; };
		E27FEE351F4AD8B300AF62C7 /* GLUT.framework */ = {isa = PBXFileReference; lastKnownFileType = wrapper.framework; name = GLUT.framework; path = System/Library/Frameworks/GLUT.framework; sourceTree = SDKROOT; };
		E27FEE3E1F4ADF2800AF62C7 /* libglfw.3.2.dylib */ = {isa = PBXFileReference; lastKnownFileType = "compiled.mach-o.dylib"; name = libglfw.3.2.dylib; path = ../../../../../../usr/local/Cellar/glfw/3.2.1/lib/libglfw.3.2.dylib; sourceTree = "<group>"; };
		E2813DD41F4BB1D600FD5CB4 /* libGLEW.2.0.0.dylib */ = {isa = PBXFileReference; lastKnownFileType = "compiled.mach-o.dylib"; name = libGLEW.2.0.0.dylib; path = ../../../../../usr/local/Cellar/glew/2.0.0/lib/libGLEW.2.0.0.dylib; sourceTree = "<group>"; };
		E286BCCC1F4D5111005F03F4 /* glad */ = {isa = PBXFileReference; lastKnownFileType = folder; path = glad; sourceTree = "<group>"; };
		E286BCED1F4D811C005F03F4 /* Hello Triangle */ = {isa = PBXFileReference; explicitFileType = "compiled.mach-o.executable"; includeInIndex = 0; path = "Hello Triangle"; sourceTree = BUILT_PRODUCTS_DIR; };
		E286BCEF1F4D811C005F03F4 /* main.cpp */ = {isa = PBXFileReference; lastKnownFileType = sourcecode.cpp.cpp; path = main.cpp; sourceTree = "<group>"; };
		E286BCF81F4D8204005F03F4 /* glad.c */ = {isa = PBXFileReference; fileEncoding = 4; lastKnownFileType = sourcecode.c.c; path = glad.c; sourceTree = "<group>"; };
		E286BD111F4D87C2005F03F4 /* Shader */ = {isa = PBXFileReference; explicitFileType = "compiled.mach-o.executable"; includeInIndex = 0; path = Shader; sourceTree = BUILT_PRODUCTS_DIR; };
		E286BD131F4D87C2005F03F4 /* main.cpp */ = {isa = PBXFileReference; lastKnownFileType = sourcecode.cpp.cpp; path = main.cpp; sourceTree = "<group>"; };
		E286BD181F4D87CE005F03F4 /* glad.c */ = {isa = PBXFileReference; fileEncoding = 4; lastKnownFileType = sourcecode.c.c; path = glad.c; sourceTree = "<group>"; };
/* End PBXFileReference section */

/* Begin PBXFrameworksBuildPhase section */
		E27B0B321F4E76CB0097F2CE /* Frameworks */ = {
			isa = PBXFrameworksBuildPhase;
			buildActionMask = 2147483647;
			files = (
				E27B0B3C1F4E76DB0097F2CE /* libGLEW.2.0.0.dylib in Frameworks */,
				E27B0B3D1F4E76DB0097F2CE /* libglfw.3.2.dylib in Frameworks */,
				E27B0B3E1F4E76DB0097F2CE /* GLUT.framework in Frameworks */,
				E27B0B3F1F4E76DB0097F2CE /* OpenGL.framework in Frameworks */,
			);
			runOnlyForDeploymentPostprocessing = 0;
		};
		E27FEE1F1F4AD70900AF62C7 /* Frameworks */ = {
			isa = PBXFrameworksBuildPhase;
			buildActionMask = 2147483647;
			files = (
				E2813DD51F4BB1D600FD5CB4 /* libGLEW.2.0.0.dylib in Frameworks */,
				E27FEE3F1F4ADF2800AF62C7 /* libglfw.3.2.dylib in Frameworks */,
				E27FEE361F4AD8B400AF62C7 /* GLUT.framework in Frameworks */,
				E27FEE2E1F4AD72600AF62C7 /* OpenGL.framework in Frameworks */,
			);
			runOnlyForDeploymentPostprocessing = 0;
		};
		E286BCEA1F4D811C005F03F4 /* Frameworks */ = {
			isa = PBXFrameworksBuildPhase;
			buildActionMask = 2147483647;
			files = (
				E286BCF41F4D81C6005F03F4 /* libGLEW.2.0.0.dylib in Frameworks */,
				E286BCF51F4D81C6005F03F4 /* libglfw.3.2.dylib in Frameworks */,
				E286BCF61F4D81C6005F03F4 /* GLUT.framework in Frameworks */,
				E286BCF71F4D81C6005F03F4 /* OpenGL.framework in Frameworks */,
			);
			runOnlyForDeploymentPostprocessing = 0;
		};
		E286BD0E1F4D87C2005F03F4 /* Frameworks */ = {
			isa = PBXFrameworksBuildPhase;
			buildActionMask = 2147483647;
			files = (
				E286BD1A1F4D87F1005F03F4 /* libGLEW.2.0.0.dylib in Frameworks */,
				E286BD1B1F4D87F1005F03F4 /* libglfw.3.2.dylib in Frameworks */,
				E286BD1C1F4D87F1005F03F4 /* GLUT.framework in Frameworks */,
				E286BD1D1F4D87F1005F03F4 /* OpenGL.framework in Frameworks */,
			);
			runOnlyForDeploymentPostprocessing = 0;
		};
/* End PBXFrameworksBuildPhase section */

/* Begin PBXGroup section */
		E27B0B361F4E76CB0097F2CE /* Textures */ = {
			isa = PBXGroup;
			children = (
				E27B0B4D1F4EA0DD0097F2CE /* Shader.cpp */,
				E27B0B4E1F4EA0DD0097F2CE /* Shader.hpp */,
				E27B0B401F4E76FA0097F2CE /* glad.c */,
				E27B0B371F4E76CB0097F2CE /* main.cpp */,
				E27B0B481F4E82900097F2CE /* stb_image.h */,
				E27B0B491F4EA02F0097F2CE /* texture.vertex */,
				E27B0B4A1F4EA0540097F2CE /* texture.frag */,
			);
			path = Textures;
			sourceTree = "<group>";
		};
		E27B0B511F4EA1940097F2CE /* Resources */ = {
			isa = PBXGroup;
			children = (
				E27B0B581F4EA5890097F2CE /* awesomeface.png */,
				E27B0B561F4EA2800097F2CE /* container.jpg */,
				E27B0B571F4EA2800097F2CE /* wall.jpg */,
			);
			name = Resources;
			sourceTree = "<group>";
		};
		E27FEE191F4AD70900AF62C7 = {
			isa = PBXGroup;
			children = (
				E27B0B511F4EA1940097F2CE /* Resources */,
				E286BCCC1F4D5111005F03F4 /* glad */,
				E27FEE241F4AD70900AF62C7 /* OpenGL */,
				E286BCEE1F4D811C005F03F4 /* Hello Triangle */,
				E286BD121F4D87C2005F03F4 /* Shader */,
				E27B0B361F4E76CB0097F2CE /* Textures */,
				E27FEE231F4AD70900AF62C7 /* Products */,
				E27FEE2C1F4AD72600AF62C7 /* Frameworks */,
			);
			sourceTree = "<group>";
		};
		E27FEE231F4AD70900AF62C7 /* Products */ = {
			isa = PBXGroup;
			children = (
				E27FEE221F4AD70900AF62C7 /* OpenGL */,
				E286BCED1F4D811C005F03F4 /* Hello Triangle */,
				E286BD111F4D87C2005F03F4 /* Shader */,
				E27B0B351F4E76CB0097F2CE /* Textures */,
			);
			name = Products;
			sourceTree = "<group>";
		};
		E27FEE241F4AD70900AF62C7 /* OpenGL */ = {
			isa = PBXGroup;
			children = (
				E27B0B2A1F4E553A0097F2CE /* main.cpp */,
			);
			path = OpenGL;
			sourceTree = "<group>";
		};
		E27FEE2C1F4AD72600AF62C7 /* Frameworks */ = {
			isa = PBXGroup;
			children = (
				E2813DD41F4BB1D600FD5CB4 /* libGLEW.2.0.0.dylib */,
				E27FEE3E1F4ADF2800AF62C7 /* libglfw.3.2.dylib */,
				E27FEE351F4AD8B300AF62C7 /* GLUT.framework */,
				E27FEE2D1F4AD72600AF62C7 /* OpenGL.framework */,
			);
			name = Frameworks;
			sourceTree = "<group>";
		};
		E286BCEE1F4D811C005F03F4 /* Hello Triangle */ = {
			isa = PBXGroup;
			children = (
				E286BCF81F4D8204005F03F4 /* glad.c */,
				E286BCEF1F4D811C005F03F4 /* main.cpp */,
			);
			path = "Hello Triangle";
			sourceTree = "<group>";
		};
		E286BD121F4D87C2005F03F4 /* Shader */ = {
			isa = PBXGroup;
			children = (
				E286BD181F4D87CE005F03F4 /* glad.c */,
				E286BD131F4D87C2005F03F4 /* main.cpp */,
				E27B0B2C1F4E5E170097F2CE /* Shader.cpp */,
				E27B0B2D1F4E5E170097F2CE /* Shader.hpp */,
				E27B0B2F1F4E71AE0097F2CE /* shader.vertex */,
				E27B0B301F4E71F90097F2CE /* shader.frag */,
			);
			path = Shader;
			sourceTree = "<group>";
		};
/* End PBXGroup section */

/* Begin PBXNativeTarget section */
		E27B0B341F4E76CB0097F2CE /* Textures */ = {
			isa = PBXNativeTarget;
			buildConfigurationList = E27B0B391F4E76CB0097F2CE /* Build configuration list for PBXNativeTarget "Textures" */;
			buildPhases = (
				E27B0B311F4E76CB0097F2CE /* Sources */,
				E27B0B321F4E76CB0097F2CE /* Frameworks */,
				E27B0B331F4E76CB0097F2CE /* CopyFiles */,
			);
			buildRules = (
			);
			dependencies = (
			);
			name = Textures;
			productName = Textures;
			productReference = E27B0B351F4E76CB0097F2CE /* Textures */;
			productType = "com.apple.product-type.tool";
		};
		E27FEE211F4AD70900AF62C7 /* OpenGL */ = {
			isa = PBXNativeTarget;
			buildConfigurationList = E27FEE291F4AD70900AF62C7 /* Build configuration list for PBXNativeTarget "OpenGL" */;
			buildPhases = (
				E27FEE1E1F4AD70900AF62C7 /* Sources */,
				E27FEE1F1F4AD70900AF62C7 /* Frameworks */,
				E27FEE201F4AD70900AF62C7 /* CopyFiles */,
			);
			buildRules = (
			);
			dependencies = (
			);
			name = OpenGL;
			productName = OpenGL;
			productReference = E27FEE221F4AD70900AF62C7 /* OpenGL */;
			productType = "com.apple.product-type.tool";
		};
		E286BCEC1F4D811C005F03F4 /* Hello Triangle */ = {
			isa = PBXNativeTarget;
			buildConfigurationList = E286BCF11F4D811C005F03F4 /* Build configuration list for PBXNativeTarget "Hello Triangle" */;
			buildPhases = (
				E286BCE91F4D811C005F03F4 /* Sources */,
				E286BCEA1F4D811C005F03F4 /* Frameworks */,
				E286BCEB1F4D811C005F03F4 /* CopyFiles */,
			);
			buildRules = (
			);
			dependencies = (
			);
			name = "Hello Triangle";
			productName = "Hello Triangle";
			productReference = E286BCED1F4D811C005F03F4 /* Hello Triangle */;
			productType = "com.apple.product-type.tool";
		};
		E286BD101F4D87C2005F03F4 /* Shader */ = {
			isa = PBXNativeTarget;
			buildConfigurationList = E286BD171F4D87C2005F03F4 /* Build configuration list for PBXNativeTarget "Shader" */;
			buildPhases = (
				E286BD0D1F4D87C2005F03F4 /* Sources */,
				E286BD0E1F4D87C2005F03F4 /* Frameworks */,
				E286BD0F1F4D87C2005F03F4 /* CopyFiles */,
			);
			buildRules = (
			);
			dependencies = (
			);
			name = Shader;
			productName = Shader;
			productReference = E286BD111F4D87C2005F03F4 /* Shader */;
			productType = "com.apple.product-type.tool";
		};
/* End PBXNativeTarget section */

/* Begin PBXProject section */
		E27FEE1A1F4AD70900AF62C7 /* Project object */ = {
			isa = PBXProject;
			attributes = {
				LastUpgradeCheck = 0830;
				ORGANIZATIONNAME = loong6;
				TargetAttributes = {
					E27B0B341F4E76CB0097F2CE = {
						CreatedOnToolsVersion = 8.3.3;
						ProvisioningStyle = Automatic;
					};
					E27FEE211F4AD70900AF62C7 = {
						CreatedOnToolsVersion = 8.3.3;
						ProvisioningStyle = Automatic;
					};
					E286BCEC1F4D811C005F03F4 = {
						CreatedOnToolsVersion = 8.3.3;
						ProvisioningStyle = Automatic;
					};
					E286BD101F4D87C2005F03F4 = {
						CreatedOnToolsVersion = 8.3.3;
						ProvisioningStyle = Automatic;
					};
				};
			};
			buildConfigurationList = E27FEE1D1F4AD70900AF62C7 /* Build configuration list for PBXProject "OpenGL" */;
			compatibilityVersion = "Xcode 3.2";
			developmentRegion = English;
			hasScannedForEncodings = 0;
			knownRegions = (
				en,
			);
			mainGroup = E27FEE191F4AD70900AF62C7;
			productRefGroup = E27FEE231F4AD70900AF62C7 /* Products */;
			projectDirPath = "";
			projectRoot = "";
			targets = (
				E27FEE211F4AD70900AF62C7 /* OpenGL */,
				E286BCEC1F4D811C005F03F4 /* Hello Triangle */,
				E286BD101F4D87C2005F03F4 /* Shader */,
				E27B0B341F4E76CB0097F2CE /* Textures */,
			);
		};
/* End PBXProject section */

/* Begin PBXSourcesBuildPhase section */
		E27B0B311F4E76CB0097F2CE /* Sources */ = {
			isa = PBXSourcesBuildPhase;
			buildActionMask = 2147483647;
			files = (
				E27B0B381F4E76CB0097F2CE /* main.cpp in Sources */,
				E27B0B4F1F4EA0DD0097F2CE /* Shader.cpp in Sources */,
				E27B0B411F4E76FA0097F2CE /* glad.c in Sources */,
			);
			runOnlyForDeploymentPostprocessing = 0;
		};
		E27FEE1E1F4AD70900AF62C7 /* Sources */ = {
			isa = PBXSourcesBuildPhase;
			buildActionMask = 2147483647;
			files = (
				E27B0B2B1F4E553A0097F2CE /* main.cpp in Sources */,
			);
			runOnlyForDeploymentPostprocessing = 0;
		};
		E286BCE91F4D811C005F03F4 /* Sources */ = {
			isa = PBXSourcesBuildPhase;
			buildActionMask = 2147483647;
			files = (
				E286BCF01F4D811C005F03F4 /* main.cpp in Sources */,
				E286BCF91F4D8204005F03F4 /* glad.c in Sources */,
			);
			runOnlyForDeploymentPostprocessing = 0;
		};
		E286BD0D1F4D87C2005F03F4 /* Sources */ = {
			isa = PBXSourcesBuildPhase;
			buildActionMask = 2147483647;
			files = (
				E286BD141F4D87C2005F03F4 /* main.cpp in Sources */,
				E27B0B2E1F4E5E170097F2CE /* Shader.cpp in Sources */,
				E286BD191F4D87CE005F03F4 /* glad.c in Sources */,
			);
			runOnlyForDeploymentPostprocessing = 0;
		};
/* End PBXSourcesBuildPhase section */

/* Begin XCBuildConfiguration section */
		E27B0B3A1F4E76CB0097F2CE /* Debug */ = {
			isa = XCBuildConfiguration;
			buildSettings = {
				PRODUCT_NAME = "$(TARGET_NAME)";
			};
			name = Debug;
		};
		E27B0B3B1F4E76CB0097F2CE /* Release */ = {
			isa = XCBuildConfiguration;
			buildSettings = {
				PRODUCT_NAME = "$(TARGET_NAME)";
			};
			name = Release;
		};
		E27FEE271F4AD70900AF62C7 /* Debug */ = {
			isa = XCBuildConfiguration;
			buildSettings = {
				ALWAYS_SEARCH_USER_PATHS = NO;
				CLANG_ANALYZER_NONNULL = YES;
				CLANG_ANALYZER_NUMBER_OBJECT_CONVERSION = YES_AGGRESSIVE;
				CLANG_CXX_LANGUAGE_STANDARD = "gnu++0x";
				CLANG_CXX_LIBRARY = "libc++";
				CLANG_ENABLE_MODULES = YES;
				CLANG_ENABLE_OBJC_ARC = YES;
				CLANG_WARN_BOOL_CONVERSION = YES;
				CLANG_WARN_CONSTANT_CONVERSION = YES;
				CLANG_WARN_DIRECT_OBJC_ISA_USAGE = YES_ERROR;
				CLANG_WARN_DOCUMENTATION_COMMENTS = YES;
				CLANG_WARN_EMPTY_BODY = YES;
				CLANG_WARN_ENUM_CONVERSION = YES;
				CLANG_WARN_INFINITE_RECURSION = YES;
				CLANG_WARN_INT_CONVERSION = YES;
				CLANG_WARN_OBJC_ROOT_CLASS = YES_ERROR;
				CLANG_WARN_SUSPICIOUS_MOVE = YES;
				CLANG_WARN_UNREACHABLE_CODE = YES;
				CLANG_WARN__DUPLICATE_METHOD_MATCH = YES;
				CODE_SIGN_IDENTITY = "-";
				COPY_PHASE_STRIP = NO;
				DEBUG_INFORMATION_FORMAT = dwarf;
				ENABLE_STRICT_OBJC_MSGSEND = YES;
				ENABLE_TESTABILITY = YES;
				GCC_C_LANGUAGE_STANDARD = gnu99;
				GCC_DYNAMIC_NO_PIC = NO;
				GCC_NO_COMMON_BLOCKS = YES;
				GCC_OPTIMIZATION_LEVEL = 0;
				GCC_PREPROCESSOR_DEFINITIONS = (
					"DEBUG=1",
					"$(inherited)",
				);
				GCC_WARN_64_TO_32_BIT_CONVERSION = YES;
				GCC_WARN_ABOUT_RETURN_TYPE = YES_ERROR;
				GCC_WARN_UNDECLARED_SELECTOR = YES;
				GCC_WARN_UNINITIALIZED_AUTOS = YES_AGGRESSIVE;
				GCC_WARN_UNUSED_FUNCTION = YES;
				GCC_WARN_UNUSED_VARIABLE = YES;
				HEADER_SEARCH_PATHS = (
					"$(glfw_header)",
					"$(glew_header)",
					/usr/local/Cellar/glew/2.1.0/include,
					/usr/local/Cellar/glfw/3.2.1/include,
					/usr/local/include,
				);
				LIBRARY_SEARCH_PATHS = (
					"$(glew_lib)",
					"$(glfw_lib)",
					"$(inherited)",
					/usr/local/Cellar/glew/2.1.0/lib,
					/usr/local/Cellar/glfw/3.2.1/lib,
					/usr/local/Cellar/glew/2.0.0/lib,
				);
				MACOSX_DEPLOYMENT_TARGET = 10.12;
				MTL_ENABLE_DEBUG_INFO = YES;
				ONLY_ACTIVE_ARCH = YES;
				SDKROOT = macosx;
			};
			name = Debug;
		};
		E27FEE281F4AD70900AF62C7 /* Release */ = {
			isa = XCBuildConfiguration;
			buildSettings = {
				ALWAYS_SEARCH_USER_PATHS = NO;
				CLANG_ANALYZER_NONNULL = YES;
				CLANG_ANALYZER_NUMBER_OBJECT_CONVERSION = YES_AGGRESSIVE;
				CLANG_CXX_LANGUAGE_STANDARD = "gnu++0x";
				CLANG_CXX_LIBRARY = "libc++";
				CLANG_ENABLE_MODULES = YES;
				CLANG_ENABLE_OBJC_ARC = YES;
				CLANG_WARN_BOOL_CONVERSION = YES;
				CLANG_WARN_CONSTANT_CONVERSION = YES;
				CLANG_WARN_DIRECT_OBJC_ISA_USAGE = YES_ERROR;
				CLANG_WARN_DOCUMENTATION_COMMENTS = YES;
				CLANG_WARN_EMPTY_BODY = YES;
				CLANG_WARN_ENUM_CONVERSION = YES;
				CLANG_WARN_INFINITE_RECURSION = YES;
				CLANG_WARN_INT_CONVERSION = YES;
				CLANG_WARN_OBJC_ROOT_CLASS = YES_ERROR;
				CLANG_WARN_SUSPICIOUS_MOVE = YES;
				CLANG_WARN_UNREACHABLE_CODE = YES;
				CLANG_WARN__DUPLICATE_METHOD_MATCH = YES;
				CODE_SIGN_IDENTITY = "-";
				COPY_PHASE_STRIP = NO;
				DEBUG_INFORMATION_FORMAT = "dwarf-with-dsym";
				ENABLE_NS_ASSERTIONS = NO;
				ENABLE_STRICT_OBJC_MSGSEND = YES;
				GCC_C_LANGUAGE_STANDARD = gnu99;
				GCC_NO_COMMON_BLOCKS = YES;
				GCC_WARN_64_TO_32_BIT_CONVERSION = YES;
				GCC_WARN_ABOUT_RETURN_TYPE = YES_ERROR;
				GCC_WARN_UNDECLARED_SELECTOR = YES;
				GCC_WARN_UNINITIALIZED_AUTOS = YES_AGGRESSIVE;
				GCC_WARN_UNUSED_FUNCTION = YES;
				GCC_WARN_UNUSED_VARIABLE = YES;
				HEADER_SEARCH_PATHS = (
					"$(glfw_header)",
					"$(glew_header)",
					/usr/local/Cellar/glew/2.1.0/include,
					/usr/local/Cellar/glfw/3.2.1/include,
					/usr/local/include,
				);
				LIBRARY_SEARCH_PATHS = (
					"$(glew_lib)",
					"$(glfw_lib)",
					"$(inherited)",
					/usr/local/Cellar/glew/2.1.0/lib,
					/usr/local/Cellar/glfw/3.2.1/lib,
					/usr/local/Cellar/glew/2.0.0/lib,
				);
				MACOSX_DEPLOYMENT_TARGET = 10.12;
				MTL_ENABLE_DEBUG_INFO = NO;
				SDKROOT = macosx;
			};
			name = Release;
		};
		E27FEE2A1F4AD70900AF62C7 /* Debug */ = {
			isa = XCBuildConfiguration;
			buildSettings = {
				HEADER_SEARCH_PATHS = (
					"$(glfw_header)",
					"$(glew_header)",
					/usr/local/Cellar/glew/2.1.0/include,
					/usr/local/Cellar/glfw/3.2.1/include,
				);
				LIBRARY_SEARCH_PATHS = (
					"$(glew_lib)",
					"$(glfw_lib)",
					"$(inherited)",
					/usr/local/Cellar/glew/2.1.0/lib,
					/usr/local/Cellar/glfw/3.2.1/lib,
					/usr/local/Cellar/glew/2.0.0/lib,
				);
				ORDER_FILE = "";
				PRODUCT_NAME = "$(TARGET_NAME)";
				SYSTEM_HEADER_SEARCH_PATHS = "";
			};
			name = Debug;
		};
		E27FEE2B1F4AD70900AF62C7 /* Release */ = {
			isa = XCBuildConfiguration;
			buildSettings = {
				HEADER_SEARCH_PATHS = (
					"$(glfw_header)",
					"$(glew_header)",
					/usr/local/Cellar/glew/2.1.0/include,
					/usr/local/Cellar/glfw/3.2.1/include,
				);
				LIBRARY_SEARCH_PATHS = (
					"$(glew_lib)",
					"$(glfw_lib)",
					"$(inherited)",
					/usr/local/Cellar/glew/2.1.0/lib,
					/usr/local/Cellar/glfw/3.2.1/lib,
					/usr/local/Cellar/glew/2.0.0/lib,
				);
				ORDER_FILE = "";
				PRODUCT_NAME = "$(TARGET_NAME)";
				SYSTEM_HEADER_SEARCH_PATHS = "";
			};
			name = Release;
		};
		E286BCF21F4D811C005F03F4 /* Debug */ = {
			isa = XCBuildConfiguration;
			buildSettings = {
				HEADER_SEARCH_PATHS = (
					"$(glfw_header)",
					"$(glew_header)",
					/usr/local/Cellar/glew/2.1.0/include,
					/usr/local/Cellar/glfw/3.2.1/include,
					/usr/local/include,
				);
				PRODUCT_NAME = "$(TARGET_NAME)";
			};
			name = Debug;
		};
		E286BCF31F4D811C005F03F4 /* Release */ = {
			isa = XCBuildConfiguration;
			buildSettings = {
				HEADER_SEARCH_PATHS = (
					"$(glfw_header)",
					"$(glew_header)",
					/usr/local/Cellar/glew/2.1.0/include,
					/usr/local/Cellar/glfw/3.2.1/include,
					/usr/local/include,
				);
				PRODUCT_NAME = "$(TARGET_NAME)";
			};
			name = Release;
		};
		E286BD151F4D87C2005F03F4 /* Debug */ = {
			isa = XCBuildConfiguration;
			buildSettings = {
				HEADER_SEARCH_PATHS = (
					"$(glfw_header)",
					"$(glew_header)",
					/usr/local/Cellar/glew/2.1.0/include,
					/usr/local/Cellar/glfw/3.2.1/include,
					/usr/local/include,
				);
				PRODUCT_NAME = "$(TARGET_NAME)";
			};
			name = Debug;
		};
		E286BD161F4D87C2005F03F4 /* Release */ = {
			isa = XCBuildConfiguration;
			buildSettings = {
				HEADER_SEARCH_PATHS = (
					"$(glfw_header)",
					"$(glew_header)",
					/usr/local/Cellar/glew/2.1.0/include,
					/usr/local/Cellar/glfw/3.2.1/include,
					/usr/local/include,
				);
				PRODUCT_NAME = "$(TARGET_NAME)";
			};
			name = Release;
		};
/* End XCBuildConfiguration section */

/* Begin XCConfigurationList section */
		E27B0B391F4E76CB0097F2CE /* Build configuration list for PBXNativeTarget "Textures" */ = {
			isa = XCConfigurationList;
			buildConfigurations = (
				E27B0B3A1F4E76CB0097F2CE /* Debug */,
				E27B0B3B1F4E76CB0097F2CE /* Release */,
			);
			defaultConfigurationIsVisible = 0;
		};
		E27FEE1D1F4AD70900AF62C7 /* Build configuration list for PBXProject "OpenGL" */ = {
			isa = XCConfigurationList;
			buildConfigurations = (
				E27FEE271F4AD70900AF62C7 /* Debug */,
				E27FEE281F4AD70900AF62C7 /* Release */,
			);
			defaultConfigurationIsVisible = 0;
			defaultConfigurationName = Release;
		};
		E27FEE291F4AD70900AF62C7 /* Build configuration list for PBXNativeTarget "OpenGL" */ = {
			isa = XCConfigurationList;
			buildConfigurations = (
				E27FEE2A1F4AD70900AF62C7 /* Debug */,
				E27FEE2B1F4AD70900AF62C7 /* Release */,
			);
			defaultConfigurationIsVisible = 0;
			defaultConfigurationName = Release;
		};
		E286BCF11F4D811C005F03F4 /* Build configuration list for PBXNativeTarget "Hello Triangle" */ = {
			isa = XCConfigurationList;
			buildConfigurations = (
				E286BCF21F4D811C005F03F4 /* Debug */,
				E286BCF31F4D811C005F03F4 /* Release */,
			);
			defaultConfigurationIsVisible = 0;
			defaultConfigurationName = Release;
		};
		E286BD171F4D87C2005F03F4 /* Build configuration list for PBXNativeTarget "Shader" */ = {
			isa = XCConfigurationList;
			buildConfigurations = (
				E286BD151F4D87C2005F03F4 /* Debug */,
				E286BD161F4D87C2005F03F4 /* Release */,
			);
			defaultConfigurationIsVisible = 0;
			defaultConfigurationName = Release;
		};
/* End XCConfigurationList section */
	};
	rootObject = E27FEE1A1F4AD70900AF62C7 /* Project object */;
}
